
Microsoft Visual Studio Solution File, Format Version 12.00
# Visual Studio 14
VisualStudioVersion = 14.0.25420.1
MinimumVisualStudioVersion = 10.0.40219.1
Project("{FAE04EC0-301F-11D3-BF4B-00C04F79EFBC}") = "Weather", "Weather\Weather.csproj", "{83E26D15-89D8-4E7A-A00B-3C808B2FB94E}"
EndProject
Global
	GlobalSection(SolutionConfigurationPlatforms) = preSolution
		Debug|Any CPU = Debug|Any CPU
		Release|Any CPU = Release|Any CPU
	EndGlobalSection
	GlobalSection(ProjectConfigurationPlatforms) = postSolution
		{83E26D15-89D8-4E7A-A00B-3C808B2FB94E}.Debug|Any CPU.ActiveCfg = Debug|Any CPU
		{83E26D15-89D8-4E7A-A00B-3C808B2FB94E}.Debug|Any CPU.Build.0 = Debug|Any CPU
		{83E26D15-89D8-4E7A-A00B-3C808B2FB94E}.Release|Any CPU.ActiveCfg = Release|Any CPU
		{83E26D15-89D8-4E7A-A00B-3C808B2FB94E}.Release|Any CPU.Build.0 = Release|Any CPU
	EndGlobalSection
	GlobalSection(SolutionProperties) = preSolution
		HideSolutionNode = FALSE
	EndGlobalSection
EndGlobal
